
Microsoft Visual Studio Solution File, Format Version 12.00
# Visual Studio Version 17
VisualStudioVersion = 17.5.33530.505
MinimumVisualStudioVersion = 10.0.40219.1
Project("{FAE04EC0-301F-11D3-BF4B-00C04F79EFBC}") = "BookStore", "BookStore\BookStore.csproj", "{38749A5C-E628-430E-9CF2-5FE962E79CC0}"
EndProject
Global
	GlobalSection(SolutionConfigurationPlatforms) = preSolution
		Debug|Any CPU = Debug|Any CPU
		Release|Any CPU = Release|Any CPU
	EndGlobalSection
	GlobalSection(ProjectConfigurationPlatforms) = postSolution
		{38749A5C-E628-430E-9CF2-5FE962E79CC0}.Debug|Any CPU.ActiveCfg = Debug|Any CPU
		{38749A5C-E628-430E-9CF2-5FE962E79CC0}.Debug|Any CPU.Build.0 = Debug|Any CPU
		{38749A5C-E628-430E-9CF2-5FE962E79CC0}.Release|Any CPU.ActiveCfg = Release|Any CPU
		{38749A5C-E628-430E-9CF2-5FE962E79CC0}.Release|Any CPU.Build.0 = Release|Any CPU
	EndGlobalSection
	GlobalSection(SolutionProperties) = preSolution
		HideSolutionNode = FALSE
	EndGlobalSection
	GlobalSection(ExtensibilityGlobals) = postSolution
		SolutionGuid = {9FCE092C-0CD5-4F15-9514-7F637B58317B}
	EndGlobalSection
EndGlobal
